
Microsoft Visual Studio Solution File, Format Version 12.00
Project("{FAE04EC0-301F-11D3-BF4B-00C04F79EFBC}") = "ShapeLibrary", "ShapeLibrary\ShapeLibrary.csproj", "{9405BF73-5649-4A49-B864-EB4BB2FA4973}"
EndProject
Global
	GlobalSection(SolutionConfigurationPlatforms) = preSolution
		Debug|Any CPU = Debug|Any CPU
		Release|Any CPU = Release|Any CPU
	EndGlobalSection
	GlobalSection(ProjectConfigurationPlatforms) = postSolution
		{9405BF73-5649-4A49-B864-EB4BB2FA4973}.Debug|Any CPU.ActiveCfg = Debug|Any CPU
		{9405BF73-5649-4A49-B864-EB4BB2FA4973}.Debug|Any CPU.Build.0 = Debug|Any CPU
		{9405BF73-5649-4A49-B864-EB4BB2FA4973}.Release|Any CPU.ActiveCfg = Release|Any CPU
		{9405BF73-5649-4A49-B864-EB4BB2FA4973}.Release|Any CPU.Build.0 = Release|Any CPU
	EndGlobalSection
EndGlobal
